{
  "version": 4,
  "terraform_version": "1.10.4",
  "serial": 176,
  "lineage": "0c19b8de-8d70-a326-0503-eea90db74a38",
  "outputs": {
    "automation_summary": {
      "value": {
        "infrastructure": {
          "network_id": "3b763cd6a4f9849bae5b9f5ce137dfe4c83e876eb84cf3ba6f0fbb2de58776ea"
        },
        "metadata": {
          "timestamp": "2026-03-04T12:34:00Z",
          "workspace": "staging"
        },
        "web_layer": {
          "ids": [
            [
              "29c852648490675cf200bc247e4d413d69cbfec637f4731decf439d1485e8829"
            ],
            [
              "1f9ad5a90cb50b86e881139c58880d5f05579f08209679ddcad199673b9edac4"
            ]
          ],
          "ips": [
            [
              "172.24.0.4"
            ],
            [
              "172.24.0.2"
            ]
          ],
          "names": [
            [
              "nginx_staging-1"
            ],
            [
              "nginx_staging-2"
            ]
          ],
          "ports": [
            [
              [
                8091
              ]
            ],
            [
              [
                8092
              ]
            ]
          ]
        }
      },
      "type": [
        "object",
        {
          "infrastructure": [
            "object",
            {
              "network_id": "string"
            }
          ],
          "metadata": [
            "object",
            {
              "timestamp": "string",
              "workspace": "string"
            }
          ],
          "web_layer": [
            "object",
            {
              "ids": [
                "tuple",
                [
                  [
                    "tuple",
                    [
                      "string"
                    ]
                  ],
                  [
                    "tuple",
                    [
                      "string"
                    ]
                  ]
                ]
              ],
              "ips": [
                "tuple",
                [
                  [
                    "tuple",
                    [
                      "string"
                    ]
                  ],
                  [
                    "tuple",
                    [
                      "string"
                    ]
                  ]
                ]
              ],
              "names": [
                "tuple",
                [
                  [
                    "tuple",
                    [
                      "string"
                    ]
                  ],
                  [
                    "tuple",
                    [
                      "string"
                    ]
                  ]
                ]
              ],
              "ports": [
                "tuple",
                [
                  [
                    "tuple",
                    [
                      [
                        "list",
                        "number"
                      ]
                    ]
                  ],
                  [
                    "tuple",
                    [
                      [
                        "list",
                        "number"
                      ]
                    ]
                  ]
                ]
              ]
            }
          ]
        }
      ]
    },
    "dev_network_details": {
      "value": {
        "id": "3b763cd6a4f9849bae5b9f5ce137dfe4c83e876eb84cf3ba6f0fbb2de58776ea",
        "subnet": "172.23.0.0/16"
      },
      "type": [
        "object",
        {
          "id": "string",
          "subnet": "string"
        }
      ]
    }
  },
  "resources": [
    {
      "mode": "data",
      "type": "docker_network",
      "name": "dev",
      "provider": "provider[\"registry.terraform.io/kreuzwerker/docker\"]",
      "instances": [
        {
          "schema_version": 0,
          "attributes": {
            "driver": "bridge",
            "id": "3b763cd6a4f9849bae5b9f5ce137dfe4c83e876eb84cf3ba6f0fbb2de58776ea",
            "internal": false,
            "ipam_config": [
              {
                "aux_address": {},
                "gateway": "172.23.0.1",
                "ip_range": "",
                "subnet": "172.23.0.0/16"
              }
            ],
            "name": "network_dev",
            "options": {
              "com.docker.network.enable_ipv4": "true",
              "com.docker.network.enable_ipv6": "false"
            },
            "scope": "local"
          },
          "sensitive_attributes": []
        }
      ]
    },
    {
      "mode": "data",
      "type": "docker_network",
      "name": "dev_net",
      "provider": "provider[\"registry.terraform.io/kreuzwerker/docker\"]",
      "instances": [
        {
          "schema_version": 0,
          "attributes": {
            "driver": "bridge",
            "id": "3b763cd6a4f9849bae5b9f5ce137dfe4c83e876eb84cf3ba6f0fbb2de58776ea",
            "internal": false,
            "ipam_config": [
              {
                "aux_address": {},
                "gateway": "172.23.0.1",
                "ip_range": "",
                "subnet": "172.23.0.0/16"
              }
            ],
            "name": "network_dev",
            "options": {
              "com.docker.network.enable_ipv4": "true",
              "com.docker.network.enable_ipv6": "false"
            },
            "scope": "local"
          },
          "sensitive_attributes": []
        }
      ]
    },
    {
      "mode": "data",
      "type": "docker_network",
      "name": "prod_net",
      "provider": "provider[\"registry.terraform.io/kreuzwerker/docker\"]",
      "instances": [
        {
          "schema_version": 0,
          "attributes": {
            "driver": "bridge",
            "id": "72c3180e62bb7e9acd9dab0c55c6690ae25f84549a10f60c8043aaa3ca35268d",
            "internal": false,
            "ipam_config": [
              {
                "aux_address": {},
                "gateway": "172.25.0.1",
                "ip_range": "",
                "subnet": "172.25.0.0/16"
              }
            ],
            "name": "network_prod",
            "options": {
              "com.docker.network.enable_ipv4": "true",
              "com.docker.network.enable_ipv6": "false"
            },
            "scope": "local"
          },
          "sensitive_attributes": []
        }
      ]
    },
    {
      "mode": "data",
      "type": "docker_network",
      "name": "staging_net",
      "provider": "provider[\"registry.terraform.io/kreuzwerker/docker\"]",
      "instances": [
        {
          "schema_version": 0,
          "attributes": {
            "driver": "bridge",
            "id": "f0ab4130c6c041e7c23fd1b340b73aa71da5dc87c6d2a2a6a6059b1d769d68ca",
            "internal": false,
            "ipam_config": [
              {
                "aux_address": {},
                "gateway": "172.24.0.1",
                "ip_range": "",
                "subnet": "172.24.0.0/16"
              }
            ],
            "name": "network_staging",
            "options": {
              "com.docker.network.enable_ipv4": "true",
              "com.docker.network.enable_ipv6": "false"
            },
            "scope": "local"
          },
          "sensitive_attributes": []
        }
      ]
    },
    {
      "module": "module.app[0]",
      "mode": "data",
      "type": "docker_image",
      "name": "app_data",
      "provider": "provider[\"registry.terraform.io/kreuzwerker/docker\"]",
      "instances": [
        {
          "schema_version": 0,
          "attributes": {
            "id": "sha256:64141b4e9fc6050e25220322b13ae96f294761725489617e4dd315a7971a07ba",
            "name": "app:v1",
            "repo_digest": "app@sha256:64141b4e9fc6050e25220322b13ae96f294761725489617e4dd315a7971a07ba"
          },
          "sensitive_attributes": []
        }
      ]
    },
    {
      "module": "module.app[0]",
      "mode": "managed",
      "type": "docker_container",
      "name": "app",
      "provider": "provider[\"registry.terraform.io/kreuzwerker/docker\"]",
      "instances": [
        {
          "index_key": 0,
          "schema_version": 2,
          "attributes": {
            "attach": false,
            "bridge": "",
            "capabilities": [],
            "cgroup_parent": null,
            "cgroupns_mode": null,
            "command": [
              "python",
              "app.py"
            ],
            "container_logs": null,
            "container_read_refresh_timeout_milliseconds": 15000,
            "cpu_period": null,
            "cpu_quota": null,
            "cpu_set": "",
            "cpu_shares": 0,
            "cpus": null,
            "destroy_grace_seconds": null,
            "devices": [],
            "dns": null,
            "dns_opts": null,
            "dns_search": null,
            "domainname": "",
            "entrypoint": [],
            "env": [
              "DB_HOST=mysql-staging",
              "DB_NAME=flask_db",
              "DB_PASS=DataL123",
              "DB_USER=root",
              "FLASK_ENV=development"
            ],
            "exit_code": null,
            "gpus": null,
            "group_add": null,
            "healthcheck": null,
            "host": [],
            "hostname": "2bc7cd52a922",
            "id": "2bc7cd52a92211299ae839a87268e23fa1ca9e4bf6a70e1a359ee14e376a7375",
            "image": "app@sha256:64141b4e9fc6050e25220322b13ae96f294761725489617e4dd315a7971a07ba",
            "init": false,
            "ipc_mode": "private",
            "labels": [],
            "log_driver": "json-file",
            "log_opts": null,
            "logs": false,
            "max_retry_count": 0,
            "memory": 0,
            "memory_swap": 0,
            "mounts": [],
            "must_run": true,
            "name": "weather-api_staging-1",
            "network_data": [
              {
                "gateway": "172.24.0.1",
                "global_ipv6_address": "",
                "global_ipv6_prefix_length": 0,
                "ip_address": "172.24.0.5",
                "ip_prefix_length": 16,
                "ipv6_gateway": "",
                "mac_address": "8a:f9:37:eb:f9:47",
                "network_name": "network_staging"
              }
            ],
            "network_mode": "bridge",
            "networks_advanced": [
              {
                "aliases": [],
                "ipv4_address": "",
                "ipv6_address": "",
                "name": "network_staging"
              }
            ],
            "pid_mode": "",
            "ports": [
              {
                "external": 8898,
                "internal": 5000,
                "ip": "0.0.0.0",
                "protocol": "tcp"
              }
            ],
            "privileged": false,
            "publish_all_ports": false,
            "read_only": false,
            "remove_volumes": true,
            "restart": "unless-stopped",
            "rm": false,
            "runtime": "runc",
            "security_opts": [],
            "shm_size": 64,
            "start": true,
            "stdin_open": false,
            "stop_signal": "",
            "stop_timeout": 1,
            "storage_opts": null,
            "sysctls": null,
            "tmpfs": null,
            "tty": false,
            "ulimit": [],
            "upload": [],
            "user": "",
            "userns_mode": "",
            "volumes": [],
            "wait": false,
            "wait_timeout": 60,
            "working_dir": "/app"
          },
          "sensitive_attributes": [
            [
              {
                "type": "get_attr",
                "value": "env"
              }
            ]
          ],
          "private": "eyJzY2hlbWFfdmVyc2lvbiI6IjIifQ==",
          "dependencies": [
            "module.app.docker_image.app",
            "module.db.docker_container.db",
            "module.db.docker_image.db",
            "module.db.docker_volume.db_data"
          ]
        }
      ]
    },
    {
      "module": "module.app[0]",
      "mode": "managed",
      "type": "docker_image",
      "name": "app",
      "provider": "provider[\"registry.terraform.io/kreuzwerker/docker\"]",
      "instances": [
        {
          "schema_version": 0,
          "attributes": {
            "build": [],
            "force_remove": null,
            "id": "sha256:64141b4e9fc6050e25220322b13ae96f294761725489617e4dd315a7971a07baapp@sha256:64141b4e9fc6050e25220322b13ae96f294761725489617e4dd315a7971a07ba",
            "image_id": "sha256:64141b4e9fc6050e25220322b13ae96f294761725489617e4dd315a7971a07ba",
            "keep_locally": true,
            "name": "app@sha256:64141b4e9fc6050e25220322b13ae96f294761725489617e4dd315a7971a07ba",
            "platform": null,
            "pull_triggers": null,
            "repo_digest": "app@sha256:64141b4e9fc6050e25220322b13ae96f294761725489617e4dd315a7971a07ba",
            "timeouts": null,
            "triggers": null
          },
          "sensitive_attributes": [],
          "private": "eyJlMmJmYjczMC1lY2FhLTExZTYtOGY4OC0zNDM2M2JjN2M0YzAiOnsiY3JlYXRlIjoxMjAwMDAwMDAwMDAwLCJkZWxldGUiOjEyMDAwMDAwMDAwMDAsInVwZGF0ZSI6MTIwMDAwMDAwMDAwMH19",
          "dependencies": [
            "module.db.docker_container.db",
            "module.db.docker_image.db",
            "module.db.docker_volume.db_data"
          ]
        }
      ]
    },
    {
      "module": "module.app[0]",
      "mode": "managed",
      "type": "null_resource",
      "name": "health_check",
      "provider": "provider[\"registry.terraform.io/hashicorp/null\"]",
      "instances": [
        {
          "index_key": 0,
          "schema_version": 0,
          "attributes": {
            "id": "5460435454292038492",
            "triggers": {
              "container_id": "2bc7cd52a92211299ae839a87268e23fa1ca9e4bf6a70e1a359ee14e376a7375",
              "script_hash": "2d465b1d0ee32787b80a5cd4956492ee"
            }
          },
          "sensitive_attributes": [],
          "dependencies": [
            "module.app.docker_container.app",
            "module.app.docker_image.app",
            "module.db.docker_container.db",
            "module.db.docker_image.db",
            "module.db.docker_volume.db_data"
          ]
        }
      ]
    },
    {
      "module": "module.app[1]",
      "mode": "data",
      "type": "docker_image",
      "name": "app_data",
      "provider": "provider[\"registry.terraform.io/kreuzwerker/docker\"]",
      "instances": [
        {
          "schema_version": 0,
          "attributes": {
            "id": "sha256:64141b4e9fc6050e25220322b13ae96f294761725489617e4dd315a7971a07ba",
            "name": "app:v1",
            "repo_digest": "app@sha256:64141b4e9fc6050e25220322b13ae96f294761725489617e4dd315a7971a07ba"
          },
          "sensitive_attributes": []
        }
      ]
    },
    {
      "module": "module.app[1]",
      "mode": "managed",
      "type": "docker_container",
      "name": "app",
      "provider": "provider[\"registry.terraform.io/kreuzwerker/docker\"]",
      "instances": [
        {
          "index_key": 0,
          "schema_version": 2,
          "attributes": {
            "attach": false,
            "bridge": "",
            "capabilities": [],
            "cgroup_parent": null,
            "cgroupns_mode": null,
            "command": [
              "python",
              "app.py"
            ],
            "container_logs": null,
            "container_read_refresh_timeout_milliseconds": 15000,
            "cpu_period": null,
            "cpu_quota": null,
            "cpu_set": "",
            "cpu_shares": 0,
            "cpus": null,
            "destroy_grace_seconds": null,
            "devices": [],
            "dns": null,
            "dns_opts": null,
            "dns_search": null,
            "domainname": "",
            "entrypoint": [],
            "env": [
              "DB_HOST=mysql-staging",
              "DB_NAME=flask_db",
              "DB_PASS=DataL123",
              "DB_USER=root",
              "FLASK_ENV=development"
            ],
            "exit_code": null,
            "gpus": null,
            "group_add": null,
            "healthcheck": null,
            "host": [],
            "hostname": "9049382be68b",
            "id": "9049382be68bb7e88ff67cbaf545f79ad56d164fd37e14f20e1cbc9aadceeb3c",
            "image": "app@sha256:64141b4e9fc6050e25220322b13ae96f294761725489617e4dd315a7971a07ba",
            "init": false,
            "ipc_mode": "private",
            "labels": [],
            "log_driver": "json-file",
            "log_opts": null,
            "logs": false,
            "max_retry_count": 0,
            "memory": 0,
            "memory_swap": 0,
            "mounts": [],
            "must_run": true,
            "name": "weather-api_staging-2",
            "network_data": [
              {
                "gateway": "172.24.0.1",
                "global_ipv6_address": "",
                "global_ipv6_prefix_length": 0,
                "ip_address": "172.24.0.6",
                "ip_prefix_length": 16,
                "ipv6_gateway": "",
                "mac_address": "4e:85:ff:5a:a0:a7",
                "network_name": "network_staging"
              }
            ],
            "network_mode": "bridge",
            "networks_advanced": [
              {
                "aliases": [],
                "ipv4_address": "",
                "ipv6_address": "",
                "name": "network_staging"
              }
            ],
            "pid_mode": "",
            "ports": [
              {
                "external": 8899,
                "internal": 5000,
                "ip": "0.0.0.0",
                "protocol": "tcp"
              }
            ],
            "privileged": false,
            "publish_all_ports": false,
            "read_only": false,
            "remove_volumes": true,
            "restart": "unless-stopped",
            "rm": false,
            "runtime": "runc",
            "security_opts": [],
            "shm_size": 64,
            "start": true,
            "stdin_open": false,
            "stop_signal": "",
            "stop_timeout": 1,
            "storage_opts": null,
            "sysctls": null,
            "tmpfs": null,
            "tty": false,
            "ulimit": [],
            "upload": [],
            "user": "",
            "userns_mode": "",
            "volumes": [],
            "wait": false,
            "wait_timeout": 60,
            "working_dir": "/app"
          },
          "sensitive_attributes": [
            [
              {
                "type": "get_attr",
                "value": "env"
              }
            ]
          ],
          "private": "eyJzY2hlbWFfdmVyc2lvbiI6IjIifQ==",
          "dependencies": [
            "module.app.docker_image.app",
            "module.db.docker_container.db",
            "module.db.docker_image.db",
            "module.db.docker_volume.db_data"
          ]
        }
      ]
    },
    {
      "module": "module.app[1]",
      "mode": "managed",
      "type": "docker_image",
      "name": "app",
      "provider": "provider[\"registry.terraform.io/kreuzwerker/docker\"]",
      "instances": [
        {
          "schema_version": 0,
          "attributes": {
            "build": [],
            "force_remove": null,
            "id": "sha256:64141b4e9fc6050e25220322b13ae96f294761725489617e4dd315a7971a07baapp@sha256:64141b4e9fc6050e25220322b13ae96f294761725489617e4dd315a7971a07ba",
            "image_id": "sha256:64141b4e9fc6050e25220322b13ae96f294761725489617e4dd315a7971a07ba",
            "keep_locally": true,
            "name": "app@sha256:64141b4e9fc6050e25220322b13ae96f294761725489617e4dd315a7971a07ba",
            "platform": null,
            "pull_triggers": null,
            "repo_digest": "app@sha256:64141b4e9fc6050e25220322b13ae96f294761725489617e4dd315a7971a07ba",
            "timeouts": null,
            "triggers": null
          },
          "sensitive_attributes": [],
          "private": "eyJlMmJmYjczMC1lY2FhLTExZTYtOGY4OC0zNDM2M2JjN2M0YzAiOnsiY3JlYXRlIjoxMjAwMDAwMDAwMDAwLCJkZWxldGUiOjEyMDAwMDAwMDAwMDAsInVwZGF0ZSI6MTIwMDAwMDAwMDAwMH19",
          "dependencies": [
            "module.db.docker_container.db",
            "module.db.docker_image.db",
            "module.db.docker_volume.db_data"
          ]
        }
      ]
    },
    {
      "module": "module.app[1]",
      "mode": "managed",
      "type": "null_resource",
      "name": "health_check",
      "provider": "provider[\"registry.terraform.io/hashicorp/null\"]",
      "instances": [
        {
          "index_key": 0,
          "schema_version": 0,
          "attributes": {
            "id": "8800649698428022130",
            "triggers": {
              "container_id": "9049382be68bb7e88ff67cbaf545f79ad56d164fd37e14f20e1cbc9aadceeb3c",
              "script_hash": "2d465b1d0ee32787b80a5cd4956492ee"
            }
          },
          "sensitive_attributes": [],
          "dependencies": [
            "module.app.docker_container.app",
            "module.app.docker_image.app",
            "module.db.docker_container.db",
            "module.db.docker_image.db",
            "module.db.docker_volume.db_data"
          ]
        }
      ]
    },
    {
      "module": "module.db[0]",
      "mode": "managed",
      "type": "docker_container",
      "name": "db",
      "provider": "provider[\"registry.terraform.io/kreuzwerker/docker\"]",
      "instances": [
        {
          "schema_version": 2,
          "attributes": {
            "attach": false,
            "bridge": "",
            "capabilities": [],
            "cgroup_parent": null,
            "cgroupns_mode": null,
            "command": [
              "mysqld"
            ],
            "container_logs": null,
            "container_read_refresh_timeout_milliseconds": 15000,
            "cpu_period": null,
            "cpu_quota": null,
            "cpu_set": "",
            "cpu_shares": 0,
            "cpus": null,
            "destroy_grace_seconds": null,
            "devices": [],
            "dns": null,
            "dns_opts": null,
            "dns_search": null,
            "domainname": "",
            "entrypoint": [
              "docker-entrypoint.sh"
            ],
            "env": [
              "MYSQL_DATABASE=mysql-service",
              "MYSQL_ROOT_PASSWORD=DataL123"
            ],
            "exit_code": null,
            "gpus": null,
            "group_add": null,
            "healthcheck": null,
            "host": [],
            "hostname": "e9a53beb39cb",
            "id": "e9a53beb39cb2e5c9d5c9a2761b271274890087d10deb2cd3f678b6ccf78f58a",
            "image": "mysql@sha256:0275a35e79c60caae68fac520602d9f6897feb9b0941a1471196b1a01760e581",
            "init": false,
            "ipc_mode": "private",
            "labels": [],
            "log_driver": "json-file",
            "log_opts": null,
            "logs": false,
            "max_retry_count": 0,
            "memory": 0,
            "memory_swap": 0,
            "mounts": [],
            "must_run": true,
            "name": "mysql-staging",
            "network_data": [
              {
                "gateway": "172.24.0.1",
                "global_ipv6_address": "",
                "global_ipv6_prefix_length": 0,
                "ip_address": "172.24.0.3",
                "ip_prefix_length": 16,
                "ipv6_gateway": "",
                "mac_address": "3e:71:70:27:de:33",
                "network_name": "network_staging"
              }
            ],
            "network_mode": "bridge",
            "networks_advanced": [
              {
                "aliases": [],
                "ipv4_address": "",
                "ipv6_address": "",
                "name": "network_staging"
              }
            ],
            "pid_mode": "",
            "ports": [
              {
                "external": 3316,
                "internal": 3306,
                "ip": "0.0.0.0",
                "protocol": "tcp"
              }
            ],
            "privileged": false,
            "publish_all_ports": false,
            "read_only": false,
            "remove_volumes": true,
            "restart": "unless-stopped",
            "rm": false,
            "runtime": "runc",
            "security_opts": [],
            "shm_size": 64,
            "start": true,
            "stdin_open": false,
            "stop_signal": "",
            "stop_timeout": 1,
            "storage_opts": null,
            "sysctls": null,
            "tmpfs": null,
            "tty": false,
            "ulimit": [],
            "upload": [],
            "user": "",
            "userns_mode": "",
            "volumes": [
              {
                "container_path": "/var/lib/mysql",
                "from_container": "",
                "host_path": "",
                "read_only": null,
                "volume_name": "mysql-service-data-staging"
              }
            ],
            "wait": false,
            "wait_timeout": 60,
            "working_dir": "/"
          },
          "sensitive_attributes": [
            [
              {
                "type": "get_attr",
                "value": "env"
              }
            ]
          ],
          "private": "eyJzY2hlbWFfdmVyc2lvbiI6IjIifQ==",
          "dependencies": [
            "module.db.docker_image.db",
            "module.db.docker_volume.db_data"
          ]
        }
      ]
    },
    {
      "module": "module.db[0]",
      "mode": "managed",
      "type": "docker_image",
      "name": "db",
      "provider": "provider[\"registry.terraform.io/kreuzwerker/docker\"]",
      "instances": [
        {
          "schema_version": 0,
          "attributes": {
            "build": [],
            "force_remove": true,
            "id": "sha256:0275a35e79c60caae68fac520602d9f6897feb9b0941a1471196b1a01760e581mysql@sha256:0275a35e79c60caae68fac520602d9f6897feb9b0941a1471196b1a01760e581",
            "image_id": "sha256:0275a35e79c60caae68fac520602d9f6897feb9b0941a1471196b1a01760e581",
            "keep_locally": null,
            "name": "mysql@sha256:0275a35e79c60caae68fac520602d9f6897feb9b0941a1471196b1a01760e581",
            "platform": null,
            "pull_triggers": null,
            "repo_digest": "mysql@sha256:0275a35e79c60caae68fac520602d9f6897feb9b0941a1471196b1a01760e581",
            "timeouts": null,
            "triggers": null
          },
          "sensitive_attributes": [],
          "private": "eyJlMmJmYjczMC1lY2FhLTExZTYtOGY4OC0zNDM2M2JjN2M0YzAiOnsiY3JlYXRlIjoxMjAwMDAwMDAwMDAwLCJkZWxldGUiOjEyMDAwMDAwMDAwMDAsInVwZGF0ZSI6MTIwMDAwMDAwMDAwMH19"
        }
      ]
    },
    {
      "module": "module.db[0]",
      "mode": "managed",
      "type": "docker_volume",
      "name": "db_data",
      "provider": "provider[\"registry.terraform.io/kreuzwerker/docker\"]",
      "instances": [
        {
          "schema_version": 1,
          "attributes": {
            "driver": "local",
            "driver_opts": null,
            "id": "mysql-service-data-staging",
            "labels": [],
            "mountpoint": "/var/lib/docker/volumes/mysql-service-data-staging/_data",
            "name": "mysql-service-data-staging"
          },
          "sensitive_attributes": [],
          "private": "eyJzY2hlbWFfdmVyc2lvbiI6IjEifQ=="
        }
      ]
    },
    {
      "module": "module.web[0]",
      "mode": "managed",
      "type": "docker_container",
      "name": "nginx",
      "provider": "provider[\"registry.terraform.io/kreuzwerker/docker\"]",
      "instances": [
        {
          "schema_version": 2,
          "attributes": {
            "attach": false,
            "bridge": "",
            "capabilities": [],
            "cgroup_parent": null,
            "cgroupns_mode": null,
            "command": [
              "nginx",
              "-g",
              "daemon off;"
            ],
            "container_logs": null,
            "container_read_refresh_timeout_milliseconds": 15000,
            "cpu_period": null,
            "cpu_quota": null,
            "cpu_set": "",
            "cpu_shares": 0,
            "cpus": null,
            "destroy_grace_seconds": null,
            "devices": [],
            "dns": null,
            "dns_opts": null,
            "dns_search": null,
            "domainname": "",
            "entrypoint": [
              "/docker-entrypoint.sh"
            ],
            "env": [],
            "exit_code": null,
            "gpus": null,
            "group_add": null,
            "healthcheck": null,
            "host": [],
            "hostname": "29c852648490",
            "id": "29c852648490675cf200bc247e4d413d69cbfec637f4731decf439d1485e8829",
            "image": "nginx@sha256:fb01117203ff38c2f9af91db1a7409459182a37c87cced5cb442d1d8fcc66d19",
            "init": false,
            "ipc_mode": "private",
            "labels": [],
            "log_driver": "json-file",
            "log_opts": null,
            "logs": false,
            "max_retry_count": 0,
            "memory": 0,
            "memory_swap": 0,
            "mounts": [],
            "must_run": true,
            "name": "nginx_staging-1",
            "network_data": [
              {
                "gateway": "172.24.0.1",
                "global_ipv6_address": "",
                "global_ipv6_prefix_length": 0,
                "ip_address": "172.24.0.4",
                "ip_prefix_length": 16,
                "ipv6_gateway": "",
                "mac_address": "5e:f2:3d:03:55:6a",
                "network_name": "network_staging"
              }
            ],
            "network_mode": "bridge",
            "networks_advanced": [
              {
                "aliases": [],
                "ipv4_address": "",
                "ipv6_address": "",
                "name": "network_staging"
              }
            ],
            "pid_mode": "",
            "ports": [
              {
                "external": 8091,
                "internal": 80,
                "ip": "0.0.0.0",
                "protocol": "tcp"
              }
            ],
            "privileged": false,
            "publish_all_ports": false,
            "read_only": false,
            "remove_volumes": true,
            "restart": "unless-stopped",
            "rm": false,
            "runtime": "runc",
            "security_opts": [],
            "shm_size": 64,
            "start": true,
            "stdin_open": false,
            "stop_signal": "SIGQUIT",
            "stop_timeout": 1,
            "storage_opts": null,
            "sysctls": null,
            "tmpfs": null,
            "tty": false,
            "ulimit": [],
            "upload": [],
            "user": "",
            "userns_mode": "",
            "volumes": [],
            "wait": false,
            "wait_timeout": 60,
            "working_dir": ""
          },
          "sensitive_attributes": [],
          "private": "eyJzY2hlbWFfdmVyc2lvbiI6IjIifQ==",
          "dependencies": [
            "module.web.docker_image.nginx"
          ]
        }
      ]
    },
    {
      "module": "module.web[0]",
      "mode": "managed",
      "type": "docker_image",
      "name": "nginx",
      "provider": "provider[\"registry.terraform.io/kreuzwerker/docker\"]",
      "instances": [
        {
          "schema_version": 0,
          "attributes": {
            "build": [],
            "force_remove": true,
            "id": "sha256:fb01117203ff38c2f9af91db1a7409459182a37c87cced5cb442d1d8fcc66d19nginx@sha256:fb01117203ff38c2f9af91db1a7409459182a37c87cced5cb442d1d8fcc66d19",
            "image_id": "sha256:fb01117203ff38c2f9af91db1a7409459182a37c87cced5cb442d1d8fcc66d19",
            "keep_locally": null,
            "name": "nginx@sha256:fb01117203ff38c2f9af91db1a7409459182a37c87cced5cb442d1d8fcc66d19",
            "platform": null,
            "pull_triggers": null,
            "repo_digest": "nginx@sha256:fb01117203ff38c2f9af91db1a7409459182a37c87cced5cb442d1d8fcc66d19",
            "timeouts": null,
            "triggers": null
          },
          "sensitive_attributes": [],
          "private": "eyJlMmJmYjczMC1lY2FhLTExZTYtOGY4OC0zNDM2M2JjN2M0YzAiOnsiY3JlYXRlIjoxMjAwMDAwMDAwMDAwLCJkZWxldGUiOjEyMDAwMDAwMDAwMDAsInVwZGF0ZSI6MTIwMDAwMDAwMDAwMH19"
        }
      ]
    },
    {
      "module": "module.web[1]",
      "mode": "managed",
      "type": "docker_container",
      "name": "nginx",
      "provider": "provider[\"registry.terraform.io/kreuzwerker/docker\"]",
      "instances": [
        {
          "schema_version": 2,
          "attributes": {
            "attach": false,
            "bridge": "",
            "capabilities": [],
            "cgroup_parent": null,
            "cgroupns_mode": null,
            "command": [
              "nginx",
              "-g",
              "daemon off;"
            ],
            "container_logs": null,
            "container_read_refresh_timeout_milliseconds": 15000,
            "cpu_period": null,
            "cpu_quota": null,
            "cpu_set": "",
            "cpu_shares": 0,
            "cpus": null,
            "destroy_grace_seconds": null,
            "devices": [],
            "dns": null,
            "dns_opts": null,
            "dns_search": null,
            "domainname": "",
            "entrypoint": [
              "/docker-entrypoint.sh"
            ],
            "env": [],
            "exit_code": null,
            "gpus": null,
            "group_add": null,
            "healthcheck": null,
            "host": [],
            "hostname": "1f9ad5a90cb5",
            "id": "1f9ad5a90cb50b86e881139c58880d5f05579f08209679ddcad199673b9edac4",
            "image": "nginx@sha256:fb01117203ff38c2f9af91db1a7409459182a37c87cced5cb442d1d8fcc66d19",
            "init": false,
            "ipc_mode": "private",
            "labels": [],
            "log_driver": "json-file",
            "log_opts": null,
            "logs": false,
            "max_retry_count": 0,
            "memory": 0,
            "memory_swap": 0,
            "mounts": [],
            "must_run": true,
            "name": "nginx_staging-2",
            "network_data": [
              {
                "gateway": "172.24.0.1",
                "global_ipv6_address": "",
                "global_ipv6_prefix_length": 0,
                "ip_address": "172.24.0.2",
                "ip_prefix_length": 16,
                "ipv6_gateway": "",
                "mac_address": "9a:36:62:39:06:5b",
                "network_name": "network_staging"
              }
            ],
            "network_mode": "bridge",
            "networks_advanced": [
              {
                "aliases": [],
                "ipv4_address": "",
                "ipv6_address": "",
                "name": "network_staging"
              }
            ],
            "pid_mode": "",
            "ports": [
              {
                "external": 8092,
                "internal": 80,
                "ip": "0.0.0.0",
                "protocol": "tcp"
              }
            ],
            "privileged": false,
            "publish_all_ports": false,
            "read_only": false,
            "remove_volumes": true,
            "restart": "unless-stopped",
            "rm": false,
            "runtime": "runc",
            "security_opts": [],
            "shm_size": 64,
            "start": true,
            "stdin_open": false,
            "stop_signal": "SIGQUIT",
            "stop_timeout": 1,
            "storage_opts": null,
            "sysctls": null,
            "tmpfs": null,
            "tty": false,
            "ulimit": [],
            "upload": [],
            "user": "",
            "userns_mode": "",
            "volumes": [],
            "wait": false,
            "wait_timeout": 60,
            "working_dir": ""
          },
          "sensitive_attributes": [],
          "private": "eyJzY2hlbWFfdmVyc2lvbiI6IjIifQ==",
          "dependencies": [
            "module.web.docker_image.nginx"
          ]
        }
      ]
    },
    {
      "module": "module.web[1]",
      "mode": "managed",
      "type": "docker_image",
      "name": "nginx",
      "provider": "provider[\"registry.terraform.io/kreuzwerker/docker\"]",
      "instances": [
        {
          "schema_version": 0,
          "attributes": {
            "build": [],
            "force_remove": true,
            "id": "sha256:fb01117203ff38c2f9af91db1a7409459182a37c87cced5cb442d1d8fcc66d19nginx@sha256:fb01117203ff38c2f9af91db1a7409459182a37c87cced5cb442d1d8fcc66d19",
            "image_id": "sha256:fb01117203ff38c2f9af91db1a7409459182a37c87cced5cb442d1d8fcc66d19",
            "keep_locally": null,
            "name": "nginx@sha256:fb01117203ff38c2f9af91db1a7409459182a37c87cced5cb442d1d8fcc66d19",
            "platform": null,
            "pull_triggers": null,
            "repo_digest": "nginx@sha256:fb01117203ff38c2f9af91db1a7409459182a37c87cced5cb442d1d8fcc66d19",
            "timeouts": null,
            "triggers": null
          },
          "sensitive_attributes": [],
          "private": "eyJlMmJmYjczMC1lY2FhLTExZTYtOGY4OC0zNDM2M2JjN2M0YzAiOnsiY3JlYXRlIjoxMjAwMDAwMDAwMDAwLCJkZWxldGUiOjEyMDAwMDAwMDAwMDAsInVwZGF0ZSI6MTIwMDAwMDAwMDAwMH19"
        }
      ]
    }
  ],
  "check_results": [
    {
      "object_kind": "var",
      "config_addr": "module.app.var.internal_port",
      "status": "pass",
      "objects": [
        {
          "object_addr": "module.app[0].var.internal_port",
          "status": "pass"
        },
        {
          "object_addr": "module.app[1].var.internal_port",
          "status": "pass"
        }
      ]
    },
    {
      "object_kind": "resource",
      "config_addr": "module.app.docker_container.app",
      "status": "pass",
      "objects": [
        {
          "object_addr": "module.app[1].docker_container.app[0]",
          "status": "pass"
        },
        {
          "object_addr": "module.app[0].docker_container.app[0]",
          "status": "pass"
        }
      ]
    },
    {
      "object_kind": "var",
      "config_addr": "module.app.var.external_port",
      "status": "pass",
      "objects": [
        {
          "object_addr": "module.app[0].var.external_port",
          "status": "pass"
        },
        {
          "object_addr": "module.app[1].var.external_port",
          "status": "pass"
        }
      ]
    }
  ]
}
