{
  "version": 4,
  "terraform_version": "1.10.4",
  "serial": 68,
  "lineage": "1fcb6c43-b678-ec47-fa1b-9b8a2eb2933b",
  "outputs": {
    "status_whether": {
      "value": {
        "attach": false,
        "bridge": "",
        "capabilities": [],
        "cgroup_parent": null,
        "cgroupns_mode": null,
        "command": [
          "python",
          "app.py"
        ],
        "container_logs": null,
        "container_read_refresh_timeout_milliseconds": 15000,
        "cpu_period": null,
        "cpu_quota": null,
        "cpu_set": "",
        "cpu_shares": 0,
        "cpus": null,
        "destroy_grace_seconds": null,
        "devices": [],
        "dns": [],
        "dns_opts": [],
        "dns_search": [],
        "domainname": "",
        "entrypoint": [],
        "env": [],
        "exit_code": null,
        "gpus": null,
        "group_add": [],
        "healthcheck": [
          {
            "interval": "10s",
            "retries": 3,
            "start_interval": "0s",
            "start_period": "5s",
            "test": [
              "CMD-SHELL",
              "curl --fail http://localhost:5000/health || exit 1"
            ],
            "timeout": "3s"
          }
        ],
        "host": [],
        "hostname": "464ba66e71ff",
        "id": "464ba66e71ffec6533da1f2ae2817b58ec6ab147e8d206258af91d39d4a1138e",
        "image": "sagisen/whether_api:latest",
        "init": false,
        "ipc_mode": "private",
        "labels": [],
        "log_driver": "json-file",
        "log_opts": {},
        "logs": false,
        "max_retry_count": 0,
        "memory": 0,
        "memory_swap": 0,
        "mounts": [],
        "must_run": true,
        "name": "weather-api",
        "network_data": [
          {
            "gateway": "172.19.0.1",
            "global_ipv6_address": "",
            "global_ipv6_prefix_length": 0,
            "ip_address": "172.19.0.5",
            "ip_prefix_length": 16,
            "ipv6_gateway": "",
            "mac_address": "82:60:6b:d0:10:02",
            "network_name": "nginx_network"
          }
        ],
        "network_mode": "bridge",
        "networks_advanced": [
          {
            "aliases": [],
            "ipv4_address": "",
            "ipv6_address": "",
            "name": "nginx_network"
          }
        ],
        "pid_mode": "",
        "ports": [
          {
            "external": 8888,
            "internal": 5000,
            "ip": "0.0.0.0",
            "protocol": "tcp"
          }
        ],
        "privileged": false,
        "publish_all_ports": false,
        "read_only": false,
        "remove_volumes": true,
        "restart": "unless-stopped",
        "rm": false,
        "runtime": "runc",
        "security_opts": [],
        "shm_size": 64,
        "start": true,
        "stdin_open": false,
        "stop_signal": "",
        "stop_timeout": 1,
        "storage_opts": {},
        "sysctls": {},
        "tmpfs": {},
        "tty": false,
        "ulimit": [],
        "upload": [],
        "user": "",
        "userns_mode": "",
        "volumes": [],
        "wait": false,
        "wait_timeout": 60,
        "working_dir": "/app"
      },
      "type": [
        "object",
        {
          "attach": "bool",
          "bridge": "string",
          "capabilities": [
            "set",
            [
              "object",
              {
                "add": [
                  "set",
                  "string"
                ],
                "drop": [
                  "set",
                  "string"
                ]
              }
            ]
          ],
          "cgroup_parent": "string",
          "cgroupns_mode": "string",
          "command": [
            "list",
            "string"
          ],
          "container_logs": "string",
          "container_read_refresh_timeout_milliseconds": "number",
          "cpu_period": "number",
          "cpu_quota": "number",
          "cpu_set": "string",
          "cpu_shares": "number",
          "cpus": "string",
          "destroy_grace_seconds": "number",
          "devices": [
            "set",
            [
              "object",
              {
                "container_path": "string",
                "host_path": "string",
                "permissions": "string"
              }
            ]
          ],
          "dns": [
            "set",
            "string"
          ],
          "dns_opts": [
            "set",
            "string"
          ],
          "dns_search": [
            "set",
            "string"
          ],
          "domainname": "string",
          "entrypoint": [
            "list",
            "string"
          ],
          "env": [
            "set",
            "string"
          ],
          "exit_code": "number",
          "gpus": "string",
          "group_add": [
            "set",
            "string"
          ],
          "healthcheck": [
            "list",
            [
              "object",
              {
                "interval": "string",
                "retries": "number",
                "start_interval": "string",
                "start_period": "string",
                "test": [
                  "list",
                  "string"
                ],
                "timeout": "string"
              }
            ]
          ],
          "host": [
            "set",
            [
              "object",
              {
                "host": "string",
                "ip": "string"
              }
            ]
          ],
          "hostname": "string",
          "id": "string",
          "image": "string",
          "init": "bool",
          "ipc_mode": "string",
          "labels": [
            "set",
            [
              "object",
              {
                "label": "string",
                "value": "string"
              }
            ]
          ],
          "log_driver": "string",
          "log_opts": [
            "map",
            "string"
          ],
          "logs": "bool",
          "max_retry_count": "number",
          "memory": "number",
          "memory_swap": "number",
          "mounts": [
            "set",
            [
              "object",
              {
                "bind_options": [
                  "list",
                  [
                    "object",
                    {
                      "propagation": "string"
                    }
                  ]
                ],
                "read_only": "bool",
                "source": "string",
                "target": "string",
                "tmpfs_options": [
                  "list",
                  [
                    "object",
                    {
                      "mode": "number",
                      "size_bytes": "number"
                    }
                  ]
                ],
                "type": "string",
                "volume_options": [
                  "list",
                  [
                    "object",
                    {
                      "driver_name": "string",
                      "driver_options": [
                        "map",
                        "string"
                      ],
                      "labels": [
                        "set",
                        [
                          "object",
                          {
                            "label": "string",
                            "value": "string"
                          }
                        ]
                      ],
                      "no_copy": "bool",
                      "subpath": "string"
                    }
                  ]
                ]
              }
            ]
          ],
          "must_run": "bool",
          "name": "string",
          "network_data": [
            "list",
            [
              "object",
              {
                "gateway": "string",
                "global_ipv6_address": "string",
                "global_ipv6_prefix_length": "number",
                "ip_address": "string",
                "ip_prefix_length": "number",
                "ipv6_gateway": "string",
                "mac_address": "string",
                "network_name": "string"
              }
            ]
          ],
          "network_mode": "string",
          "networks_advanced": [
            "set",
            [
              "object",
              {
                "aliases": [
                  "set",
                  "string"
                ],
                "ipv4_address": "string",
                "ipv6_address": "string",
                "name": "string"
              }
            ]
          ],
          "pid_mode": "string",
          "ports": [
            "list",
            [
              "object",
              {
                "external": "number",
                "internal": "number",
                "ip": "string",
                "protocol": "string"
              }
            ]
          ],
          "privileged": "bool",
          "publish_all_ports": "bool",
          "read_only": "bool",
          "remove_volumes": "bool",
          "restart": "string",
          "rm": "bool",
          "runtime": "string",
          "security_opts": [
            "set",
            "string"
          ],
          "shm_size": "number",
          "start": "bool",
          "stdin_open": "bool",
          "stop_signal": "string",
          "stop_timeout": "number",
          "storage_opts": [
            "map",
            "string"
          ],
          "sysctls": [
            "map",
            "string"
          ],
          "tmpfs": [
            "map",
            "string"
          ],
          "tty": "bool",
          "ulimit": [
            "set",
            [
              "object",
              {
                "hard": "number",
                "name": "string",
                "soft": "number"
              }
            ]
          ],
          "upload": [
            "set",
            [
              "object",
              {
                "content": "string",
                "content_base64": "string",
                "executable": "bool",
                "file": "string",
                "permissions": "string",
                "source": "string",
                "source_hash": "string"
              }
            ]
          ],
          "user": "string",
          "userns_mode": "string",
          "volumes": [
            "set",
            [
              "object",
              {
                "container_path": "string",
                "from_container": "string",
                "host_path": "string",
                "read_only": "bool",
                "volume_name": "string"
              }
            ]
          ],
          "wait": "bool",
          "wait_timeout": "number",
          "working_dir": "string"
        }
      ]
    },
    "web_container_ids": {
      "value": [
        "84f4ecf74a85173583d5dbddc2c119029941baaf1c168b343698567e991c5f5c",
        "82459d868cf39f26d3bd804844ce7b00a4211b4ee683530fb28023672f714e6b",
        "fba6d3bf39a007026ff7bfdbf0b4185d21eafa2cce887b37dd9f878b62f84e72"
      ],
      "type": [
        "tuple",
        [
          "string",
          "string",
          "string"
        ]
      ]
    },
    "web_container_ips": {
      "value": [
        "172.19.0.2",
        "172.19.0.4",
        "172.19.0.3"
      ],
      "type": [
        "tuple",
        [
          "string",
          "string",
          "string"
        ]
      ]
    },
    "web_container_names": {
      "value": [
        "nginx-1",
        "nginx-2",
        "nginx-3"
      ],
      "type": [
        "tuple",
        [
          "string",
          "string",
          "string"
        ]
      ]
    },
    "web_exposed_ports": {
      "value": [
        [
          8081
        ],
        [
          8082
        ],
        [
          8083
        ]
      ],
      "type": [
        "tuple",
        [
          [
            "list",
            "number"
          ],
          [
            "list",
            "number"
          ],
          [
            "list",
            "number"
          ]
        ]
      ]
    }
  },
  "resources": [
    {
      "mode": "managed",
      "type": "docker_network",
      "name": "custom_net",
      "provider": "provider[\"registry.terraform.io/kreuzwerker/docker\"]",
      "instances": [
        {
          "schema_version": 1,
          "attributes": {
            "attachable": false,
            "check_duplicate": null,
            "driver": "bridge",
            "id": "faefb371b286cff7b5a904298d3a2b0dc364e7293e5db4852b47d59c147630d3",
            "ingress": false,
            "internal": false,
            "ipam_config": [
              {
                "aux_address": {},
                "gateway": "172.19.0.1",
                "ip_range": "",
                "subnet": "172.19.0.0/16"
              }
            ],
            "ipam_driver": "default",
            "ipam_options": {},
            "ipv6": false,
            "labels": [],
            "name": "nginx_network",
            "options": {
              "com.docker.network.enable_ipv4": "true",
              "com.docker.network.enable_ipv6": "false"
            },
            "scope": "local"
          },
          "sensitive_attributes": [],
          "private": "eyJzY2hlbWFfdmVyc2lvbiI6IjEifQ=="
        }
      ]
    },
    {
      "module": "module.app",
      "mode": "managed",
      "type": "docker_container",
      "name": "app",
      "provider": "provider[\"registry.terraform.io/kreuzwerker/docker\"]",
      "instances": [
        {
          "schema_version": 2,
          "attributes": {
            "attach": false,
            "bridge": "",
            "capabilities": [],
            "cgroup_parent": null,
            "cgroupns_mode": null,
            "command": [
              "python",
              "app.py"
            ],
            "container_logs": null,
            "container_read_refresh_timeout_milliseconds": 15000,
            "cpu_period": null,
            "cpu_quota": null,
            "cpu_set": "",
            "cpu_shares": 0,
            "cpus": null,
            "destroy_grace_seconds": null,
            "devices": [],
            "dns": [],
            "dns_opts": [],
            "dns_search": [],
            "domainname": "",
            "entrypoint": [],
            "env": [],
            "exit_code": null,
            "gpus": null,
            "group_add": [],
            "healthcheck": [
              {
                "interval": "10s",
                "retries": 3,
                "start_interval": "0s",
                "start_period": "5s",
                "test": [
                  "CMD-SHELL",
                  "curl --fail http://localhost:5000/health || exit 1"
                ],
                "timeout": "3s"
              }
            ],
            "host": [],
            "hostname": "464ba66e71ff",
            "id": "464ba66e71ffec6533da1f2ae2817b58ec6ab147e8d206258af91d39d4a1138e",
            "image": "sagisen/whether_api:latest",
            "init": false,
            "ipc_mode": "private",
            "labels": [],
            "log_driver": "json-file",
            "log_opts": {},
            "logs": false,
            "max_retry_count": 0,
            "memory": 0,
            "memory_swap": 0,
            "mounts": [],
            "must_run": true,
            "name": "weather-api",
            "network_data": [
              {
                "gateway": "172.19.0.1",
                "global_ipv6_address": "",
                "global_ipv6_prefix_length": 0,
                "ip_address": "172.19.0.5",
                "ip_prefix_length": 16,
                "ipv6_gateway": "",
                "mac_address": "82:60:6b:d0:10:02",
                "network_name": "nginx_network"
              }
            ],
            "network_mode": "bridge",
            "networks_advanced": [
              {
                "aliases": [],
                "ipv4_address": "",
                "ipv6_address": "",
                "name": "nginx_network"
              }
            ],
            "pid_mode": "",
            "ports": [
              {
                "external": 8888,
                "internal": 5000,
                "ip": "0.0.0.0",
                "protocol": "tcp"
              }
            ],
            "privileged": false,
            "publish_all_ports": false,
            "read_only": false,
            "remove_volumes": true,
            "restart": "unless-stopped",
            "rm": false,
            "runtime": "runc",
            "security_opts": [],
            "shm_size": 64,
            "start": true,
            "stdin_open": false,
            "stop_signal": "",
            "stop_timeout": 1,
            "storage_opts": {},
            "sysctls": {},
            "tmpfs": {},
            "tty": false,
            "ulimit": [],
            "upload": [],
            "user": "",
            "userns_mode": "",
            "volumes": [],
            "wait": false,
            "wait_timeout": 60,
            "working_dir": "/app"
          },
          "sensitive_attributes": [],
          "private": "eyJzY2hlbWFfdmVyc2lvbiI6IjIifQ==",
          "dependencies": [
            "docker_network.custom_net",
            "module.app.docker_image.app"
          ]
        }
      ]
    },
    {
      "module": "module.app",
      "mode": "managed",
      "type": "docker_image",
      "name": "app",
      "provider": "provider[\"registry.terraform.io/kreuzwerker/docker\"]",
      "instances": [
        {
          "schema_version": 0,
          "attributes": {
            "build": [],
            "force_remove": true,
            "id": "sha256:69493d0015bbf42dfc18ef3efd7c67ee7d90d8911f4d90ee3990fc801b2a23b6sagisen/whether_api:latest",
            "image_id": "sha256:69493d0015bbf42dfc18ef3efd7c67ee7d90d8911f4d90ee3990fc801b2a23b6",
            "keep_locally": null,
            "name": "sagisen/whether_api:latest",
            "platform": null,
            "pull_triggers": null,
            "repo_digest": "sagisen/whether_api@sha256:69493d0015bbf42dfc18ef3efd7c67ee7d90d8911f4d90ee3990fc801b2a23b6",
            "timeouts": null,
            "triggers": null
          },
          "sensitive_attributes": [],
          "private": "eyJlMmJmYjczMC1lY2FhLTExZTYtOGY4OC0zNDM2M2JjN2M0YzAiOnsiY3JlYXRlIjoxMjAwMDAwMDAwMDAwLCJkZWxldGUiOjEyMDAwMDAwMDAwMDAsInVwZGF0ZSI6MTIwMDAwMDAwMDAwMH19"
        }
      ]
    },
    {
      "module": "module.db",
      "mode": "managed",
      "type": "docker_container",
      "name": "db",
      "provider": "provider[\"registry.terraform.io/kreuzwerker/docker\"]",
      "instances": [
        {
          "schema_version": 2,
          "attributes": {
            "attach": false,
            "bridge": "",
            "capabilities": [],
            "cgroup_parent": null,
            "cgroupns_mode": null,
            "command": [
              "postgres"
            ],
            "container_logs": null,
            "container_read_refresh_timeout_milliseconds": 15000,
            "cpu_period": null,
            "cpu_quota": null,
            "cpu_set": "",
            "cpu_shares": 0,
            "cpus": null,
            "destroy_grace_seconds": null,
            "devices": [],
            "dns": null,
            "dns_opts": null,
            "dns_search": null,
            "domainname": "",
            "entrypoint": [
              "docker-entrypoint.sh"
            ],
            "env": [
              "POSTGRES_DB=app_database",
              "POSTGRES_PASSWORD=S3cr3tP@ssw0rd!",
              "POSTGRES_USER=appuser"
            ],
            "exit_code": null,
            "gpus": null,
            "group_add": null,
            "healthcheck": null,
            "host": [],
            "hostname": "4771d11887fa",
            "id": "4771d11887fa78ba0a30fe2011dd07c2b0470a6ef8dcd5039071650b7846b6d0",
            "image": "postgres:14-alpine",
            "init": false,
            "ipc_mode": "private",
            "labels": [],
            "log_driver": "json-file",
            "log_opts": null,
            "logs": false,
            "max_retry_count": 0,
            "memory": 0,
            "memory_swap": 0,
            "mounts": [],
            "must_run": true,
            "name": "postgresql-db",
            "network_data": [
              {
                "gateway": "172.19.0.1",
                "global_ipv6_address": "",
                "global_ipv6_prefix_length": 0,
                "ip_address": "172.19.0.6",
                "ip_prefix_length": 16,
                "ipv6_gateway": "",
                "mac_address": "e2:4b:d7:90:49:18",
                "network_name": "nginx_network"
              }
            ],
            "network_mode": "bridge",
            "networks_advanced": [
              {
                "aliases": [],
                "ipv4_address": "",
                "ipv6_address": "",
                "name": "nginx_network"
              }
            ],
            "pid_mode": "",
            "ports": [],
            "privileged": false,
            "publish_all_ports": false,
            "read_only": false,
            "remove_volumes": true,
            "restart": "unless-stopped",
            "rm": false,
            "runtime": "runc",
            "security_opts": [],
            "shm_size": 64,
            "start": true,
            "stdin_open": false,
            "stop_signal": "SIGINT",
            "stop_timeout": 1,
            "storage_opts": null,
            "sysctls": null,
            "tmpfs": null,
            "tty": false,
            "ulimit": [],
            "upload": [],
            "user": "",
            "userns_mode": "",
            "volumes": [
              {
                "container_path": "/var/lib/postgresql/data",
                "from_container": "",
                "host_path": "",
                "read_only": null,
                "volume_name": "postgresql-db-data"
              }
            ],
            "wait": false,
            "wait_timeout": 60,
            "working_dir": "/"
          },
          "sensitive_attributes": [
            [
              {
                "type": "get_attr",
                "value": "env"
              }
            ]
          ],
          "private": "eyJzY2hlbWFfdmVyc2lvbiI6IjIifQ==",
          "dependencies": [
            "docker_network.custom_net",
            "module.db.docker_image.db",
            "module.db.docker_volume.db_data"
          ]
        }
      ]
    },
    {
      "module": "module.db",
      "mode": "managed",
      "type": "docker_image",
      "name": "db",
      "provider": "provider[\"registry.terraform.io/kreuzwerker/docker\"]",
      "instances": [
        {
          "schema_version": 0,
          "attributes": {
            "build": [],
            "force_remove": true,
            "id": "sha256:3ccbb4eb4e8fe35fef673c52c2fc664713420bf5b68610cc581157f2358824a5postgres:14-alpine",
            "image_id": "sha256:3ccbb4eb4e8fe35fef673c52c2fc664713420bf5b68610cc581157f2358824a5",
            "keep_locally": null,
            "name": "postgres:14-alpine",
            "platform": null,
            "pull_triggers": null,
            "repo_digest": "postgres@sha256:3ccbb4eb4e8fe35fef673c52c2fc664713420bf5b68610cc581157f2358824a5",
            "timeouts": null,
            "triggers": null
          },
          "sensitive_attributes": [],
          "private": "eyJlMmJmYjczMC1lY2FhLTExZTYtOGY4OC0zNDM2M2JjN2M0YzAiOnsiY3JlYXRlIjoxMjAwMDAwMDAwMDAwLCJkZWxldGUiOjEyMDAwMDAwMDAwMDAsInVwZGF0ZSI6MTIwMDAwMDAwMDAwMH19"
        }
      ]
    },
    {
      "module": "module.db",
      "mode": "managed",
      "type": "docker_volume",
      "name": "db_data",
      "provider": "provider[\"registry.terraform.io/kreuzwerker/docker\"]",
      "instances": [
        {
          "schema_version": 1,
          "attributes": {
            "driver": "local",
            "driver_opts": null,
            "id": "postgresql-db-data",
            "labels": [],
            "mountpoint": "/var/lib/docker/volumes/postgresql-db-data/_data",
            "name": "postgresql-db-data"
          },
          "sensitive_attributes": [],
          "private": "eyJzY2hlbWFfdmVyc2lvbiI6IjEifQ=="
        }
      ]
    },
    {
      "module": "module.web",
      "mode": "managed",
      "type": "docker_container",
      "name": "nginx",
      "provider": "provider[\"registry.terraform.io/kreuzwerker/docker\"]",
      "instances": [
        {
          "index_key": 0,
          "schema_version": 2,
          "attributes": {
            "attach": false,
            "bridge": "",
            "capabilities": [],
            "cgroup_parent": null,
            "cgroupns_mode": null,
            "command": [
              "nginx",
              "-g",
              "daemon off;"
            ],
            "container_logs": null,
            "container_read_refresh_timeout_milliseconds": 15000,
            "cpu_period": null,
            "cpu_quota": null,
            "cpu_set": "",
            "cpu_shares": 0,
            "cpus": null,
            "destroy_grace_seconds": null,
            "devices": [],
            "dns": [],
            "dns_opts": [],
            "dns_search": [],
            "domainname": "",
            "entrypoint": [
              "/docker-entrypoint.sh"
            ],
            "env": [],
            "exit_code": null,
            "gpus": null,
            "group_add": [],
            "healthcheck": [],
            "host": [],
            "hostname": "84f4ecf74a85",
            "id": "84f4ecf74a85173583d5dbddc2c119029941baaf1c168b343698567e991c5f5c",
            "image": "nginx:latest",
            "init": false,
            "ipc_mode": "private",
            "labels": [],
            "log_driver": "json-file",
            "log_opts": {},
            "logs": false,
            "max_retry_count": 0,
            "memory": 0,
            "memory_swap": 0,
            "mounts": [],
            "must_run": true,
            "name": "nginx-1",
            "network_data": [
              {
                "gateway": "172.19.0.1",
                "global_ipv6_address": "",
                "global_ipv6_prefix_length": 0,
                "ip_address": "172.19.0.2",
                "ip_prefix_length": 16,
                "ipv6_gateway": "",
                "mac_address": "e2:57:5e:f4:f8:ba",
                "network_name": "nginx_network"
              }
            ],
            "network_mode": "bridge",
            "networks_advanced": [
              {
                "aliases": [],
                "ipv4_address": "",
                "ipv6_address": "",
                "name": "nginx_network"
              }
            ],
            "pid_mode": "",
            "ports": [
              {
                "external": 8081,
                "internal": 80,
                "ip": "0.0.0.0",
                "protocol": "tcp"
              }
            ],
            "privileged": false,
            "publish_all_ports": false,
            "read_only": false,
            "remove_volumes": true,
            "restart": "unless-stopped",
            "rm": false,
            "runtime": "runc",
            "security_opts": [],
            "shm_size": 64,
            "start": true,
            "stdin_open": false,
            "stop_signal": "SIGQUIT",
            "stop_timeout": 1,
            "storage_opts": {},
            "sysctls": {},
            "tmpfs": {},
            "tty": false,
            "ulimit": [],
            "upload": [],
            "user": "",
            "userns_mode": "",
            "volumes": [],
            "wait": false,
            "wait_timeout": 60,
            "working_dir": ""
          },
          "sensitive_attributes": [],
          "private": "eyJzY2hlbWFfdmVyc2lvbiI6IjIifQ==",
          "dependencies": [
            "docker_network.custom_net",
            "module.web.docker_image.nginx"
          ]
        },
        {
          "index_key": 1,
          "schema_version": 2,
          "attributes": {
            "attach": false,
            "bridge": "",
            "capabilities": [],
            "cgroup_parent": null,
            "cgroupns_mode": null,
            "command": [
              "nginx",
              "-g",
              "daemon off;"
            ],
            "container_logs": null,
            "container_read_refresh_timeout_milliseconds": 15000,
            "cpu_period": null,
            "cpu_quota": null,
            "cpu_set": "",
            "cpu_shares": 0,
            "cpus": null,
            "destroy_grace_seconds": null,
            "devices": [],
            "dns": [],
            "dns_opts": [],
            "dns_search": [],
            "domainname": "",
            "entrypoint": [
              "/docker-entrypoint.sh"
            ],
            "env": [],
            "exit_code": null,
            "gpus": null,
            "group_add": [],
            "healthcheck": [],
            "host": [],
            "hostname": "82459d868cf3",
            "id": "82459d868cf39f26d3bd804844ce7b00a4211b4ee683530fb28023672f714e6b",
            "image": "nginx:latest",
            "init": false,
            "ipc_mode": "private",
            "labels": [],
            "log_driver": "json-file",
            "log_opts": {},
            "logs": false,
            "max_retry_count": 0,
            "memory": 0,
            "memory_swap": 0,
            "mounts": [],
            "must_run": true,
            "name": "nginx-2",
            "network_data": [
              {
                "gateway": "172.19.0.1",
                "global_ipv6_address": "",
                "global_ipv6_prefix_length": 0,
                "ip_address": "172.19.0.4",
                "ip_prefix_length": 16,
                "ipv6_gateway": "",
                "mac_address": "0a:81:85:0b:81:27",
                "network_name": "nginx_network"
              }
            ],
            "network_mode": "bridge",
            "networks_advanced": [
              {
                "aliases": [],
                "ipv4_address": "",
                "ipv6_address": "",
                "name": "nginx_network"
              }
            ],
            "pid_mode": "",
            "ports": [
              {
                "external": 8082,
                "internal": 80,
                "ip": "0.0.0.0",
                "protocol": "tcp"
              }
            ],
            "privileged": false,
            "publish_all_ports": false,
            "read_only": false,
            "remove_volumes": true,
            "restart": "unless-stopped",
            "rm": false,
            "runtime": "runc",
            "security_opts": [],
            "shm_size": 64,
            "start": true,
            "stdin_open": false,
            "stop_signal": "SIGQUIT",
            "stop_timeout": 1,
            "storage_opts": {},
            "sysctls": {},
            "tmpfs": {},
            "tty": false,
            "ulimit": [],
            "upload": [],
            "user": "",
            "userns_mode": "",
            "volumes": [],
            "wait": false,
            "wait_timeout": 60,
            "working_dir": ""
          },
          "sensitive_attributes": [],
          "private": "eyJzY2hlbWFfdmVyc2lvbiI6IjIifQ==",
          "dependencies": [
            "docker_network.custom_net",
            "module.web.docker_image.nginx"
          ]
        },
        {
          "index_key": 2,
          "schema_version": 2,
          "attributes": {
            "attach": false,
            "bridge": "",
            "capabilities": [],
            "cgroup_parent": null,
            "cgroupns_mode": null,
            "command": [
              "nginx",
              "-g",
              "daemon off;"
            ],
            "container_logs": null,
            "container_read_refresh_timeout_milliseconds": 15000,
            "cpu_period": null,
            "cpu_quota": null,
            "cpu_set": "",
            "cpu_shares": 0,
            "cpus": null,
            "destroy_grace_seconds": null,
            "devices": [],
            "dns": [],
            "dns_opts": [],
            "dns_search": [],
            "domainname": "",
            "entrypoint": [
              "/docker-entrypoint.sh"
            ],
            "env": [],
            "exit_code": null,
            "gpus": null,
            "group_add": [],
            "healthcheck": [],
            "host": [],
            "hostname": "fba6d3bf39a0",
            "id": "fba6d3bf39a007026ff7bfdbf0b4185d21eafa2cce887b37dd9f878b62f84e72",
            "image": "nginx:latest",
            "init": false,
            "ipc_mode": "private",
            "labels": [],
            "log_driver": "json-file",
            "log_opts": {},
            "logs": false,
            "max_retry_count": 0,
            "memory": 0,
            "memory_swap": 0,
            "mounts": [],
            "must_run": true,
            "name": "nginx-3",
            "network_data": [
              {
                "gateway": "172.19.0.1",
                "global_ipv6_address": "",
                "global_ipv6_prefix_length": 0,
                "ip_address": "172.19.0.3",
                "ip_prefix_length": 16,
                "ipv6_gateway": "",
                "mac_address": "e2:0b:25:49:6e:36",
                "network_name": "nginx_network"
              }
            ],
            "network_mode": "bridge",
            "networks_advanced": [
              {
                "aliases": [],
                "ipv4_address": "",
                "ipv6_address": "",
                "name": "nginx_network"
              }
            ],
            "pid_mode": "",
            "ports": [
              {
                "external": 8083,
                "internal": 80,
                "ip": "0.0.0.0",
                "protocol": "tcp"
              }
            ],
            "privileged": false,
            "publish_all_ports": false,
            "read_only": false,
            "remove_volumes": true,
            "restart": "unless-stopped",
            "rm": false,
            "runtime": "runc",
            "security_opts": [],
            "shm_size": 64,
            "start": true,
            "stdin_open": false,
            "stop_signal": "SIGQUIT",
            "stop_timeout": 1,
            "storage_opts": {},
            "sysctls": {},
            "tmpfs": {},
            "tty": false,
            "ulimit": [],
            "upload": [],
            "user": "",
            "userns_mode": "",
            "volumes": [],
            "wait": false,
            "wait_timeout": 60,
            "working_dir": ""
          },
          "sensitive_attributes": [],
          "private": "eyJzY2hlbWFfdmVyc2lvbiI6IjIifQ==",
          "dependencies": [
            "docker_network.custom_net",
            "module.web.docker_image.nginx"
          ]
        }
      ]
    },
    {
      "module": "module.web",
      "mode": "managed",
      "type": "docker_image",
      "name": "nginx",
      "provider": "provider[\"registry.terraform.io/kreuzwerker/docker\"]",
      "instances": [
        {
          "schema_version": 0,
          "attributes": {
            "build": [],
            "force_remove": true,
            "id": "sha256:325b00a35073d9aa1d3df16da8afbbae1ac7d824c505f7490cd5cdbb79d60f6dnginx:latest",
            "image_id": "sha256:325b00a35073d9aa1d3df16da8afbbae1ac7d824c505f7490cd5cdbb79d60f6d",
            "keep_locally": null,
            "name": "nginx:latest",
            "platform": null,
            "pull_triggers": null,
            "repo_digest": "nginx@sha256:325b00a35073d9aa1d3df16da8afbbae1ac7d824c505f7490cd5cdbb79d60f6d",
            "timeouts": null,
            "triggers": null
          },
          "sensitive_attributes": [],
          "private": "eyJlMmJmYjczMC1lY2FhLTExZTYtOGY4OC0zNDM2M2JjN2M0YzAiOnsiY3JlYXRlIjoxMjAwMDAwMDAwMDAwLCJkZWxldGUiOjEyMDAwMDAwMDAwMDAsInVwZGF0ZSI6MTIwMDAwMDAwMDAwMH19"
        }
      ]
    }
  ],
  "check_results": null
}
