{
  "version": 4,
  "terraform_version": "1.10.4",
  "serial": 139,
  "lineage": "b7b3d34d-1181-8ff9-e2ae-c1eda3539b2e",
  "outputs": {
    "automation_summary": {
      "value": {
        "infrastructure": {
          "network_id": "3b763cd6a4f9849bae5b9f5ce137dfe4c83e876eb84cf3ba6f0fbb2de58776ea"
        },
        "metadata": {
          "timestamp": "2026-03-04T12:02:56Z",
          "workspace": "dev"
        },
        "web_layer": {
          "ids": [
            [
              "2e541560de5e02fa452b60840162b9829d9d5e3e628163418f0fca1401964dbc"
            ]
          ],
          "ips": [
            [
              "172.23.0.2"
            ]
          ],
          "names": [
            [
              "nginx_dev-1"
            ]
          ],
          "ports": [
            [
              [
                8081
              ]
            ]
          ]
        }
      },
      "type": [
        "object",
        {
          "infrastructure": [
            "object",
            {
              "network_id": "string"
            }
          ],
          "metadata": [
            "object",
            {
              "timestamp": "string",
              "workspace": "string"
            }
          ],
          "web_layer": [
            "object",
            {
              "ids": [
                "tuple",
                [
                  [
                    "tuple",
                    [
                      "string"
                    ]
                  ]
                ]
              ],
              "ips": [
                "tuple",
                [
                  [
                    "tuple",
                    [
                      "string"
                    ]
                  ]
                ]
              ],
              "names": [
                "tuple",
                [
                  [
                    "tuple",
                    [
                      "string"
                    ]
                  ]
                ]
              ],
              "ports": [
                "tuple",
                [
                  [
                    "tuple",
                    [
                      [
                        "list",
                        "number"
                      ]
                    ]
                  ]
                ]
              ]
            }
          ]
        }
      ]
    },
    "dev_network_details": {
      "value": {
        "id": "3b763cd6a4f9849bae5b9f5ce137dfe4c83e876eb84cf3ba6f0fbb2de58776ea",
        "subnet": "172.23.0.0/16"
      },
      "type": [
        "object",
        {
          "id": "string",
          "subnet": "string"
        }
      ]
    }
  },
  "resources": [
    {
      "mode": "data",
      "type": "docker_network",
      "name": "dev",
      "provider": "provider[\"registry.terraform.io/kreuzwerker/docker\"]",
      "instances": [
        {
          "schema_version": 0,
          "attributes": {
            "driver": "bridge",
            "id": "3b763cd6a4f9849bae5b9f5ce137dfe4c83e876eb84cf3ba6f0fbb2de58776ea",
            "internal": false,
            "ipam_config": [
              {
                "aux_address": {},
                "gateway": "172.23.0.1",
                "ip_range": "",
                "subnet": "172.23.0.0/16"
              }
            ],
            "name": "network_dev",
            "options": {
              "com.docker.network.enable_ipv4": "true",
              "com.docker.network.enable_ipv6": "false"
            },
            "scope": "local"
          },
          "sensitive_attributes": []
        }
      ]
    },
    {
      "mode": "data",
      "type": "docker_network",
      "name": "dev_net",
      "provider": "provider[\"registry.terraform.io/kreuzwerker/docker\"]",
      "instances": [
        {
          "schema_version": 0,
          "attributes": {
            "driver": "bridge",
            "id": "3b763cd6a4f9849bae5b9f5ce137dfe4c83e876eb84cf3ba6f0fbb2de58776ea",
            "internal": false,
            "ipam_config": [
              {
                "aux_address": {},
                "gateway": "172.23.0.1",
                "ip_range": "",
                "subnet": "172.23.0.0/16"
              }
            ],
            "name": "network_dev",
            "options": {
              "com.docker.network.enable_ipv4": "true",
              "com.docker.network.enable_ipv6": "false"
            },
            "scope": "local"
          },
          "sensitive_attributes": []
        }
      ]
    },
    {
      "mode": "data",
      "type": "docker_network",
      "name": "prod_net",
      "provider": "provider[\"registry.terraform.io/kreuzwerker/docker\"]",
      "instances": [
        {
          "schema_version": 0,
          "attributes": {
            "driver": "bridge",
            "id": "72c3180e62bb7e9acd9dab0c55c6690ae25f84549a10f60c8043aaa3ca35268d",
            "internal": false,
            "ipam_config": [
              {
                "aux_address": {},
                "gateway": "172.25.0.1",
                "ip_range": "",
                "subnet": "172.25.0.0/16"
              }
            ],
            "name": "network_prod",
            "options": {
              "com.docker.network.enable_ipv4": "true",
              "com.docker.network.enable_ipv6": "false"
            },
            "scope": "local"
          },
          "sensitive_attributes": []
        }
      ]
    },
    {
      "mode": "data",
      "type": "docker_network",
      "name": "staging_net",
      "provider": "provider[\"registry.terraform.io/kreuzwerker/docker\"]",
      "instances": [
        {
          "schema_version": 0,
          "attributes": {
            "driver": "bridge",
            "id": "f0ab4130c6c041e7c23fd1b340b73aa71da5dc87c6d2a2a6a6059b1d769d68ca",
            "internal": false,
            "ipam_config": [
              {
                "aux_address": {},
                "gateway": "172.24.0.1",
                "ip_range": "",
                "subnet": "172.24.0.0/16"
              }
            ],
            "name": "network_staging",
            "options": {
              "com.docker.network.enable_ipv4": "true",
              "com.docker.network.enable_ipv6": "false"
            },
            "scope": "local"
          },
          "sensitive_attributes": []
        }
      ]
    },
    {
      "module": "module.app[0]",
      "mode": "managed",
      "type": "docker_image",
      "name": "app",
      "provider": "provider[\"registry.terraform.io/kreuzwerker/docker\"]",
      "instances": [
        {
          "schema_version": 0,
          "attributes": {
            "build": [],
            "force_remove": null,
            "id": "sha256:64141b4e9fc6050e25220322b13ae96f294761725489617e4dd315a7971a07baapp@sha256:64141b4e9fc6050e25220322b13ae96f294761725489617e4dd315a7971a07ba",
            "image_id": "sha256:64141b4e9fc6050e25220322b13ae96f294761725489617e4dd315a7971a07ba",
            "keep_locally": true,
            "name": "app@sha256:64141b4e9fc6050e25220322b13ae96f294761725489617e4dd315a7971a07ba",
            "platform": null,
            "pull_triggers": null,
            "repo_digest": "app@sha256:64141b4e9fc6050e25220322b13ae96f294761725489617e4dd315a7971a07ba",
            "timeouts": null,
            "triggers": null
          },
          "sensitive_attributes": [],
          "private": "eyJlMmJmYjczMC1lY2FhLTExZTYtOGY4OC0zNDM2M2JjN2M0YzAiOnsiY3JlYXRlIjoxMjAwMDAwMDAwMDAwLCJkZWxldGUiOjEyMDAwMDAwMDAwMDAsInVwZGF0ZSI6MTIwMDAwMDAwMDAwMH19",
          "dependencies": [
            "module.db.docker_container.db",
            "module.db.docker_image.db",
            "module.db.docker_volume.db_data"
          ]
        }
      ]
    },
    {
      "module": "module.db[0]",
      "mode": "managed",
      "type": "docker_container",
      "name": "db",
      "provider": "provider[\"registry.terraform.io/kreuzwerker/docker\"]",
      "instances": [
        {
          "status": "tainted",
          "schema_version": 2,
          "attributes": {
            "attach": false,
            "bridge": null,
            "capabilities": [],
            "cgroup_parent": null,
            "cgroupns_mode": null,
            "command": null,
            "container_logs": null,
            "container_read_refresh_timeout_milliseconds": 15000,
            "cpu_period": null,
            "cpu_quota": null,
            "cpu_set": null,
            "cpu_shares": null,
            "cpus": null,
            "destroy_grace_seconds": null,
            "devices": [],
            "dns": null,
            "dns_opts": null,
            "dns_search": null,
            "domainname": null,
            "entrypoint": null,
            "env": [
              "MYSQL_DATABASE=mysql-service",
              "MYSQL_ROOT_PASSWORD=DataL123"
            ],
            "exit_code": null,
            "gpus": null,
            "group_add": null,
            "healthcheck": null,
            "host": [],
            "hostname": null,
            "id": "f0cabe22ce9a16a4f56ae22fa06dae16202fc571e6e113b57511b406bd76ae98",
            "image": "mysql@sha256:0275a35e79c60caae68fac520602d9f6897feb9b0941a1471196b1a01760e581",
            "init": null,
            "ipc_mode": null,
            "labels": [],
            "log_driver": null,
            "log_opts": null,
            "logs": false,
            "max_retry_count": null,
            "memory": null,
            "memory_swap": null,
            "mounts": [],
            "must_run": true,
            "name": "mysql-dev",
            "network_data": null,
            "network_mode": "bridge",
            "networks_advanced": [
              {
                "aliases": [],
                "ipv4_address": "",
                "ipv6_address": "",
                "name": "network_dev"
              }
            ],
            "pid_mode": null,
            "ports": [
              {
                "external": 3306,
                "internal": 3306,
                "ip": "0.0.0.0",
                "protocol": "tcp"
              }
            ],
            "privileged": null,
            "publish_all_ports": null,
            "read_only": false,
            "remove_volumes": true,
            "restart": "unless-stopped",
            "rm": false,
            "runtime": null,
            "security_opts": [],
            "shm_size": null,
            "start": true,
            "stdin_open": false,
            "stop_signal": null,
            "stop_timeout": null,
            "storage_opts": null,
            "sysctls": null,
            "tmpfs": null,
            "tty": false,
            "ulimit": [],
            "upload": [],
            "user": null,
            "userns_mode": null,
            "volumes": [
              {
                "container_path": "/var/lib/mysql",
                "from_container": "",
                "host_path": "",
                "read_only": null,
                "volume_name": "mysql-service-data-dev"
              }
            ],
            "wait": false,
            "wait_timeout": 60,
            "working_dir": null
          },
          "sensitive_attributes": [
            [
              {
                "type": "get_attr",
                "value": "env"
              }
            ]
          ],
          "private": "eyJzY2hlbWFfdmVyc2lvbiI6IjIifQ==",
          "dependencies": [
            "module.db.docker_image.db",
            "module.db.docker_volume.db_data"
          ]
        }
      ]
    },
    {
      "module": "module.db[0]",
      "mode": "managed",
      "type": "docker_image",
      "name": "db",
      "provider": "provider[\"registry.terraform.io/kreuzwerker/docker\"]",
      "instances": [
        {
          "schema_version": 0,
          "attributes": {
            "build": [],
            "force_remove": true,
            "id": "sha256:0275a35e79c60caae68fac520602d9f6897feb9b0941a1471196b1a01760e581mysql@sha256:0275a35e79c60caae68fac520602d9f6897feb9b0941a1471196b1a01760e581",
            "image_id": "sha256:0275a35e79c60caae68fac520602d9f6897feb9b0941a1471196b1a01760e581",
            "keep_locally": null,
            "name": "mysql@sha256:0275a35e79c60caae68fac520602d9f6897feb9b0941a1471196b1a01760e581",
            "platform": null,
            "pull_triggers": null,
            "repo_digest": "mysql@sha256:0275a35e79c60caae68fac520602d9f6897feb9b0941a1471196b1a01760e581",
            "timeouts": null,
            "triggers": null
          },
          "sensitive_attributes": [],
          "private": "eyJlMmJmYjczMC1lY2FhLTExZTYtOGY4OC0zNDM2M2JjN2M0YzAiOnsiY3JlYXRlIjoxMjAwMDAwMDAwMDAwLCJkZWxldGUiOjEyMDAwMDAwMDAwMDAsInVwZGF0ZSI6MTIwMDAwMDAwMDAwMH19"
        }
      ]
    },
    {
      "module": "module.db[0]",
      "mode": "managed",
      "type": "docker_volume",
      "name": "db_data",
      "provider": "provider[\"registry.terraform.io/kreuzwerker/docker\"]",
      "instances": [
        {
          "schema_version": 1,
          "attributes": {
            "driver": "local",
            "driver_opts": null,
            "id": "mysql-service-data-dev",
            "labels": [],
            "mountpoint": "/var/lib/docker/volumes/mysql-service-data-dev/_data",
            "name": "mysql-service-data-dev"
          },
          "sensitive_attributes": [],
          "private": "eyJzY2hlbWFfdmVyc2lvbiI6IjEifQ=="
        }
      ]
    },
    {
      "module": "module.web[0]",
      "mode": "managed",
      "type": "docker_container",
      "name": "nginx",
      "provider": "provider[\"registry.terraform.io/kreuzwerker/docker\"]",
      "instances": [
        {
          "schema_version": 2,
          "attributes": {
            "attach": false,
            "bridge": "",
            "capabilities": [],
            "cgroup_parent": null,
            "cgroupns_mode": null,
            "command": [
              "nginx",
              "-g",
              "daemon off;"
            ],
            "container_logs": null,
            "container_read_refresh_timeout_milliseconds": 15000,
            "cpu_period": null,
            "cpu_quota": null,
            "cpu_set": "",
            "cpu_shares": 0,
            "cpus": null,
            "destroy_grace_seconds": null,
            "devices": [],
            "dns": null,
            "dns_opts": null,
            "dns_search": null,
            "domainname": "",
            "entrypoint": [
              "/docker-entrypoint.sh"
            ],
            "env": [],
            "exit_code": null,
            "gpus": null,
            "group_add": null,
            "healthcheck": null,
            "host": [],
            "hostname": "2e541560de5e",
            "id": "2e541560de5e02fa452b60840162b9829d9d5e3e628163418f0fca1401964dbc",
            "image": "nginx@sha256:fb01117203ff38c2f9af91db1a7409459182a37c87cced5cb442d1d8fcc66d19",
            "init": false,
            "ipc_mode": "private",
            "labels": [],
            "log_driver": "json-file",
            "log_opts": null,
            "logs": false,
            "max_retry_count": 0,
            "memory": 0,
            "memory_swap": 0,
            "mounts": [],
            "must_run": true,
            "name": "nginx_dev-1",
            "network_data": [
              {
                "gateway": "172.23.0.1",
                "global_ipv6_address": "",
                "global_ipv6_prefix_length": 0,
                "ip_address": "172.23.0.2",
                "ip_prefix_length": 16,
                "ipv6_gateway": "",
                "mac_address": "c2:00:f1:01:13:94",
                "network_name": "network_dev"
              }
            ],
            "network_mode": "bridge",
            "networks_advanced": [
              {
                "aliases": [],
                "ipv4_address": "",
                "ipv6_address": "",
                "name": "network_dev"
              }
            ],
            "pid_mode": "",
            "ports": [
              {
                "external": 8081,
                "internal": 80,
                "ip": "0.0.0.0",
                "protocol": "tcp"
              }
            ],
            "privileged": false,
            "publish_all_ports": false,
            "read_only": false,
            "remove_volumes": true,
            "restart": "unless-stopped",
            "rm": false,
            "runtime": "runc",
            "security_opts": [],
            "shm_size": 64,
            "start": true,
            "stdin_open": false,
            "stop_signal": "SIGQUIT",
            "stop_timeout": 1,
            "storage_opts": null,
            "sysctls": null,
            "tmpfs": null,
            "tty": false,
            "ulimit": [],
            "upload": [],
            "user": "",
            "userns_mode": "",
            "volumes": [],
            "wait": false,
            "wait_timeout": 60,
            "working_dir": ""
          },
          "sensitive_attributes": [],
          "private": "eyJzY2hlbWFfdmVyc2lvbiI6IjIifQ==",
          "dependencies": [
            "module.web.docker_image.nginx"
          ]
        }
      ]
    },
    {
      "module": "module.web[0]",
      "mode": "managed",
      "type": "docker_image",
      "name": "nginx",
      "provider": "provider[\"registry.terraform.io/kreuzwerker/docker\"]",
      "instances": [
        {
          "schema_version": 0,
          "attributes": {
            "build": [],
            "force_remove": true,
            "id": "sha256:fb01117203ff38c2f9af91db1a7409459182a37c87cced5cb442d1d8fcc66d19nginx@sha256:fb01117203ff38c2f9af91db1a7409459182a37c87cced5cb442d1d8fcc66d19",
            "image_id": "sha256:fb01117203ff38c2f9af91db1a7409459182a37c87cced5cb442d1d8fcc66d19",
            "keep_locally": null,
            "name": "nginx@sha256:fb01117203ff38c2f9af91db1a7409459182a37c87cced5cb442d1d8fcc66d19",
            "platform": null,
            "pull_triggers": null,
            "repo_digest": "nginx@sha256:fb01117203ff38c2f9af91db1a7409459182a37c87cced5cb442d1d8fcc66d19",
            "timeouts": null,
            "triggers": null
          },
          "sensitive_attributes": [],
          "private": "eyJlMmJmYjczMC1lY2FhLTExZTYtOGY4OC0zNDM2M2JjN2M0YzAiOnsiY3JlYXRlIjoxMjAwMDAwMDAwMDAwLCJkZWxldGUiOjEyMDAwMDAwMDAwMDAsInVwZGF0ZSI6MTIwMDAwMDAwMDAwMH19"
        }
      ]
    }
  ],
  "check_results": [
    {
      "object_kind": "var",
      "config_addr": "module.app.var.internal_port",
      "status": "unknown",
      "objects": [
        {
          "object_addr": "module.app[0].var.internal_port",
          "status": "unknown"
        }
      ]
    },
    {
      "object_kind": "var",
      "config_addr": "module.app.var.external_port",
      "status": "unknown",
      "objects": [
        {
          "object_addr": "module.app[0].var.external_port",
          "status": "unknown"
        }
      ]
    },
    {
      "object_kind": "resource",
      "config_addr": "module.app.docker_container.app",
      "status": "unknown",
      "objects": [
        {
          "object_addr": "module.app[0].docker_container.app[0]",
          "status": "unknown"
        }
      ]
    }
  ]
}
